
Microsoft Visual Studio Solution File, Format Version 12.00
# Visual Studio Version 17
VisualStudioVersion = 17.9.34728.123
MinimumVisualStudioVersion = 10.0.40219.1
Project("{FAE04EC0-301F-11D3-BF4B-00C04F79EFBC}") = "EFProject", "EFProject\EFProject.csproj", "{4302A79E-A5CC-40F3-AFC3-E7A09F9860AF}"
EndProject
Global
	GlobalSection(SolutionConfigurationPlatforms) = preSolution
		Debug|Any CPU = Debug|Any CPU
		Release|Any CPU = Release|Any CPU
	EndGlobalSection
	GlobalSection(ProjectConfigurationPlatforms) = postSolution
		{4302A79E-A5CC-40F3-AFC3-E7A09F9860AF}.Debug|Any CPU.ActiveCfg = Debug|Any CPU
		{4302A79E-A5CC-40F3-AFC3-E7A09F9860AF}.Debug|Any CPU.Build.0 = Debug|Any CPU
		{4302A79E-A5CC-40F3-AFC3-E7A09F9860AF}.Release|Any CPU.ActiveCfg = Release|Any CPU
		{4302A79E-A5CC-40F3-AFC3-E7A09F9860AF}.Release|Any CPU.Build.0 = Release|Any CPU
	EndGlobalSection
	GlobalSection(SolutionProperties) = preSolution
		HideSolutionNode = FALSE
	EndGlobalSection
	GlobalSection(ExtensibilityGlobals) = postSolution
		SolutionGuid = {2307B7D2-5FA2-4AB3-83D1-93A4E057B7E6}
	EndGlobalSection
EndGlobal
